
Microsoft Visual Studio Solution File, Format Version 12.00
# Visual Studio Version 17
VisualStudioVersion = 17.0.31903.59
MinimumVisualStudioVersion = 10.0.40219.1
Project("{2150E333-8FDC-42A3-9474-1A3956D46DE8}") = "RomanToInteger", "RomanToInteger", "{7CA89961-AB9C-4740-BD6A-D9B6E0314BD3}"
EndProject
Project("{FAE04EC0-301F-11D3-BF4B-00C04F79EFBC}") = "RomanToIntegerSolution", "RomanToInteger\RomanToIntegerSolution\RomanToIntegerSolution.csproj", "{B77CF937-4179-470C-B65B-5D00DF3056B8}"
EndProject
Global
	GlobalSection(SolutionConfigurationPlatforms) = preSolution
		Debug|Any CPU = Debug|Any CPU
		Release|Any CPU = Release|Any CPU
	EndGlobalSection
	GlobalSection(SolutionProperties) = preSolution
		HideSolutionNode = FALSE
	EndGlobalSection
	GlobalSection(ProjectConfigurationPlatforms) = postSolution
		{B77CF937-4179-470C-B65B-5D00DF3056B8}.Debug|Any CPU.ActiveCfg = Debug|Any CPU
		{B77CF937-4179-470C-B65B-5D00DF3056B8}.Debug|Any CPU.Build.0 = Debug|Any CPU
		{B77CF937-4179-470C-B65B-5D00DF3056B8}.Release|Any CPU.ActiveCfg = Release|Any CPU
		{B77CF937-4179-470C-B65B-5D00DF3056B8}.Release|Any CPU.Build.0 = Release|Any CPU
	EndGlobalSection
	GlobalSection(NestedProjects) = preSolution
		{B77CF937-4179-470C-B65B-5D00DF3056B8} = {7CA89961-AB9C-4740-BD6A-D9B6E0314BD3}
	EndGlobalSection
EndGlobal
